
Microsoft Visual Studio Solution File, Format Version 12.00
# Visual Studio Version 17
VisualStudioVersion = 17.6.33829.357
MinimumVisualStudioVersion = 10.0.40219.1
Project("{FAE04EC0-301F-11D3-BF4B-00C04F79EFBC}") = "ASPMiniProject", "ASPMiniProject\ASPMiniProject.csproj", "{07BF052E-F5BE-4B8E-9C02-EDC8FFA2D202}"
EndProject
Global
	GlobalSection(SolutionConfigurationPlatforms) = preSolution
		Debug|Any CPU = Debug|Any CPU
		Release|Any CPU = Release|Any CPU
	EndGlobalSection
	GlobalSection(ProjectConfigurationPlatforms) = postSolution
		{07BF052E-F5BE-4B8E-9C02-EDC8FFA2D202}.Debug|Any CPU.ActiveCfg = Debug|Any CPU
		{07BF052E-F5BE-4B8E-9C02-EDC8FFA2D202}.Debug|Any CPU.Build.0 = Debug|Any CPU
		{07BF052E-F5BE-4B8E-9C02-EDC8FFA2D202}.Release|Any CPU.ActiveCfg = Release|Any CPU
		{07BF052E-F5BE-4B8E-9C02-EDC8FFA2D202}.Release|Any CPU.Build.0 = Release|Any CPU
	EndGlobalSection
	GlobalSection(SolutionProperties) = preSolution
		HideSolutionNode = FALSE
	EndGlobalSection
	GlobalSection(ExtensibilityGlobals) = postSolution
		SolutionGuid = {298D739F-2190-4D3F-B6FF-EC44EC8E0756}
	EndGlobalSection
EndGlobal
